PODS:
  - Alamofire (5.0.2)
  - CryptoSwift (1.3.0)

DEPENDENCIES:
  - Alamofire (~> 5.0)
  - CryptoSwift

SPEC REPOS:
  trunk:
    - Alamofire
    - CryptoSwift

SPEC CHECKSUMS:
  Alamofire: 3ba7a4db18b4f62c4a1c0e1cb39d7f3d52e10ada
  CryptoSwift: 1283821600233bdbeb96d7b389c3288c3bf77211

PODFILE CHECKSUM: e89bc230e14c357a9c2b696ee973d716c8e2b6de

COCOAPODS: 1.9.0.beta.2
